
Microsoft Visual Studio Solution File, Format Version 12.00
# Visual Studio Version 17
VisualStudioVersion = 17.8.34330.188
MinimumVisualStudioVersion = 10.0.40219.1
Project("{9A19103F-16F7-4668-BE54-9A1E7A4F7556}") = "DOTNET.Common", "DOTNET.Common\DOTNET.Common.csproj", "{0A1138ED-19AF-4CD3-AB08-D5D56332D58C}"
EndProject
Project("{2150E333-8FDC-42A3-9474-1A3956D46DE8}") = "Src", "Src", "{F1D305D1-252C-455F-A523-D558F49C2B76}"
EndProject
Project("{2150E333-8FDC-42A3-9474-1A3956D46DE8}") = "Tests", "Tests", "{62C71B6D-4F4D-41EA-9630-6B5771CD734E}"
EndProject
Project("{9A19103F-16F7-4668-BE54-9A1E7A4F7556}") = "Test.DOTNET.Common", "Test.DOTNET.Common\Test.DOTNET.Common.csproj", "{A5C1E701-2D92-4FDE-ACC8-45EF5E8C15A3}"
EndProject
Global
	GlobalSection(SolutionConfigurationPlatforms) = preSolution
		Debug|Any CPU = Debug|Any CPU
		Release|Any CPU = Release|Any CPU
	EndGlobalSection
	GlobalSection(ProjectConfigurationPlatforms) = postSolution
		{0A1138ED-19AF-4CD3-AB08-D5D56332D58C}.Debug|Any CPU.ActiveCfg = Debug|Any CPU
		{0A1138ED-19AF-4CD3-AB08-D5D56332D58C}.Debug|Any CPU.Build.0 = Debug|Any CPU
		{0A1138ED-19AF-4CD3-AB08-D5D56332D58C}.Release|Any CPU.ActiveCfg = Release|Any CPU
		{0A1138ED-19AF-4CD3-AB08-D5D56332D58C}.Release|Any CPU.Build.0 = Release|Any CPU
		{A5C1E701-2D92-4FDE-ACC8-45EF5E8C15A3}.Debug|Any CPU.ActiveCfg = Debug|Any CPU
		{A5C1E701-2D92-4FDE-ACC8-45EF5E8C15A3}.Debug|Any CPU.Build.0 = Debug|Any CPU
		{A5C1E701-2D92-4FDE-ACC8-45EF5E8C15A3}.Release|Any CPU.ActiveCfg = Release|Any CPU
		{A5C1E701-2D92-4FDE-ACC8-45EF5E8C15A3}.Release|Any CPU.Build.0 = Release|Any CPU
	EndGlobalSection
	GlobalSection(SolutionProperties) = preSolution
		HideSolutionNode = FALSE
	EndGlobalSection
	GlobalSection(NestedProjects) = preSolution
		{0A1138ED-19AF-4CD3-AB08-D5D56332D58C} = {F1D305D1-252C-455F-A523-D558F49C2B76}
		{A5C1E701-2D92-4FDE-ACC8-45EF5E8C15A3} = {62C71B6D-4F4D-41EA-9630-6B5771CD734E}
	EndGlobalSection
	GlobalSection(ExtensibilityGlobals) = postSolution
		SolutionGuid = {EF52D5FB-52F1-4DC1-9FBC-8E6956B2D76B}
	EndGlobalSection
EndGlobal
